
Microsoft Visual Studio Solution File, Format Version 12.00
# Visual Studio 2012
Project("{FAE04EC0-301F-11D3-BF4B-00C04F79EFBC}") = "pk0_emptyweb", "pk0_emptyweb\pk0_emptyweb.csproj", "{DB893E02-913B-40BC-A301-9A84B1AC43DB}"
EndProject
Project("{FAE04EC0-301F-11D3-BF4B-00C04F79EFBC}") = "pk0_emptyweb.Tests", "pk0_emptyweb.Tests\pk0_emptyweb.Tests.csproj", "{CB79A6F6-2E80-48F6-9B21-1DB01A1F08F3}"
EndProject
Global
	GlobalSection(SolutionConfigurationPlatforms) = preSolution
		Debug|Any CPU = Debug|Any CPU
		Release|Any CPU = Release|Any CPU
	EndGlobalSection
	GlobalSection(ProjectConfigurationPlatforms) = postSolution
		{DB893E02-913B-40BC-A301-9A84B1AC43DB}.Debug|Any CPU.ActiveCfg = Debug|Any CPU
		{DB893E02-913B-40BC-A301-9A84B1AC43DB}.Debug|Any CPU.Build.0 = Debug|Any CPU
		{DB893E02-913B-40BC-A301-9A84B1AC43DB}.Release|Any CPU.ActiveCfg = Release|Any CPU
		{DB893E02-913B-40BC-A301-9A84B1AC43DB}.Release|Any CPU.Build.0 = Release|Any CPU
		{CB79A6F6-2E80-48F6-9B21-1DB01A1F08F3}.Debug|Any CPU.ActiveCfg = Debug|Any CPU
		{CB79A6F6-2E80-48F6-9B21-1DB01A1F08F3}.Debug|Any CPU.Build.0 = Debug|Any CPU
		{CB79A6F6-2E80-48F6-9B21-1DB01A1F08F3}.Release|Any CPU.ActiveCfg = Release|Any CPU
		{CB79A6F6-2E80-48F6-9B21-1DB01A1F08F3}.Release|Any CPU.Build.0 = Release|Any CPU
	EndGlobalSection
	GlobalSection(SolutionProperties) = preSolution
		HideSolutionNode = FALSE
	EndGlobalSection
EndGlobal
